
Microsoft Visual Studio Solution File, Format Version 12.00
# Visual Studio Version 17
VisualStudioVersion = 17.0.31912.275
MinimumVisualStudioVersion = 10.0.40219.1
Project("{FAE04EC0-301F-11D3-BF4B-00C04F79EFBC}") = "Shop", "Shop\Shop.csproj", "{C3B99D92-46B3-4021-B4BE-68C55164BF82}"
EndProject
Global
	GlobalSection(SolutionConfigurationPlatforms) = preSolution
		Debug|Any CPU = Debug|Any CPU
		Release|Any CPU = Release|Any CPU
	EndGlobalSection
	GlobalSection(ProjectConfigurationPlatforms) = postSolution
		{C3B99D92-46B3-4021-B4BE-68C55164BF82}.Debug|Any CPU.ActiveCfg = Debug|Any CPU
		{C3B99D92-46B3-4021-B4BE-68C55164BF82}.Debug|Any CPU.Build.0 = Debug|Any CPU
		{C3B99D92-46B3-4021-B4BE-68C55164BF82}.Release|Any CPU.ActiveCfg = Release|Any CPU
		{C3B99D92-46B3-4021-B4BE-68C55164BF82}.Release|Any CPU.Build.0 = Release|Any CPU
	EndGlobalSection
	GlobalSection(SolutionProperties) = preSolution
		HideSolutionNode = FALSE
	EndGlobalSection
	GlobalSection(ExtensibilityGlobals) = postSolution
		SolutionGuid = {2E730542-C659-4566-BE26-FE69A69E0C12}
	EndGlobalSection
EndGlobal
